
Microsoft Visual Studio Solution File, Format Version 12.00
# Visual Studio Version 16
VisualStudioVersion = 16.0.32602.291
MinimumVisualStudioVersion = 10.0.40219.1
Project("{FAE04EC0-301F-11D3-BF4B-00C04F79EFBC}") = "gym-management-system", "gym-management-system.csproj", "{57C4B301-D082-4C8D-8929-76C876C8E09C}"
EndProject
Global
	GlobalSection(SolutionConfigurationPlatforms) = preSolution
		Debug|Any CPU = Debug|Any CPU
		Release|Any CPU = Release|Any CPU
	EndGlobalSection
	GlobalSection(ProjectConfigurationPlatforms) = postSolution
		{57C4B301-D082-4C8D-8929-76C876C8E09C}.Debug|Any CPU.ActiveCfg = Debug|Any CPU
		{57C4B301-D082-4C8D-8929-76C876C8E09C}.Debug|Any CPU.Build.0 = Debug|Any CPU
		{57C4B301-D082-4C8D-8929-76C876C8E09C}.Release|Any CPU.ActiveCfg = Release|Any CPU
		{57C4B301-D082-4C8D-8929-76C876C8E09C}.Release|Any CPU.Build.0 = Release|Any CPU
	EndGlobalSection
	GlobalSection(SolutionProperties) = preSolution
		HideSolutionNode = FALSE
	EndGlobalSection
	GlobalSection(ExtensibilityGlobals) = postSolution
		SolutionGuid = {213AF6E8-F7B1-4CF2-9867-BAD330D2727A}
	EndGlobalSection
EndGlobal
